
Microsoft Visual Studio Solution File, Format Version 12.00
# Visual Studio Version 17
VisualStudioVersion = 17.9.34607.119
MinimumVisualStudioVersion = 10.0.40219.1
Project("{9A19103F-16F7-4668-BE54-9A1E7A4F7556}") = "EUniversity.Gateway.Api", "EUniversity.Gateway.Api\EUniversity.Gateway.Api.csproj", "{2C2F3633-FA43-44D5-9D3C-0BD3E09C95EB}"
EndProject
Project("{2150E333-8FDC-42A3-9474-1A3956D46DE8}") = "eUniversityGateway", "eUniversityGateway", "{7C60F878-C545-4094-8446-A19206F97575}"
EndProject
Project("{9A19103F-16F7-4668-BE54-9A1E7A4F7556}") = "EUniversity.Gateway.Tests", "EUniversity.Gateway.Tests\EUniversity.Gateway.Tests.csproj", "{764B14D9-70E5-487F-B0EB-88C44A60E1E5}"
EndProject
Project("{2150E333-8FDC-42A3-9474-1A3956D46DE8}") = "Shared", "Shared", "{39177E39-6D88-499D-A926-893E08FB178D}"
EndProject
Project("{2150E333-8FDC-42A3-9474-1A3956D46DE8}") = "Services", "Services", "{5587B724-385D-485C-AEFC-C61D65745B36}"
EndProject
Project("{9A19103F-16F7-4668-BE54-9A1E7A4F7556}") = "EUniversity.Shared", "EUniversity.Shared\EUniversity.Shared.csproj", "{8432FA0B-A3D5-471A-BC2D-8CDA555FEB36}"
EndProject
Project("{9A19103F-16F7-4668-BE54-9A1E7A4F7556}") = "EUniversity.Gateway.Contract", "EUniversity.Gateway.Contract\EUniversity.Gateway.Contract.csproj", "{ED2B82FD-4BD5-4447-9E50-B078A2E1057A}"
EndProject
Project("{2150E333-8FDC-42A3-9474-1A3956D46DE8}") = "eUniversityManager", "eUniversityManager", "{B617B9D4-A48A-4966-B0C3-AF1B46FFE4E6}"
EndProject
Project("{9A19103F-16F7-4668-BE54-9A1E7A4F7556}") = "EUniversity.Manager.Api", "EUniversity.Manager.Api\EUniversity.Manager.Api.csproj", "{4D8CFB9B-A9BE-494C-A0E0-22AD548486CC}"
EndProject
Project("{9A19103F-16F7-4668-BE54-9A1E7A4F7556}") = "EUniversity.Manager.Contract", "EUniversity.Manager.Contract\EUniversity.Manager.Contract.csproj", "{E8A7FCB9-3132-4F4E-AB2C-BBE66C67F2E4}"
EndProject
Project("{9A19103F-16F7-4668-BE54-9A1E7A4F7556}") = "EUniversity.Manager.Tests", "EUniversity.Manager.Tests\EUniversity.Manager.Tests.csproj", "{1C2D4251-B20F-4521-8524-B708376B1595}"
EndProject
Project("{9A19103F-16F7-4668-BE54-9A1E7A4F7556}") = "EUniversity.Manager.Data", "EUniversity.Manager.Data\EUniversity.Manager.Data.csproj", "{31465509-41F5-40CA-B766-D52E24BD5146}"
EndProject
Project("{2150E333-8FDC-42A3-9474-1A3956D46DE8}") = "eUniversityAuthorization", "eUniversityAuthorization", "{70835381-D655-4C40-85DF-E0CA9B1D5509}"
EndProject
Project("{9A19103F-16F7-4668-BE54-9A1E7A4F7556}") = "EUniversity.Authorization.Api", "EUniversity.Authorization.Api\EUniversity.Authorization.Api.csproj", "{2740C9F0-9FB9-42A8-AC03-813868B38EBD}"
EndProject
Project("{9A19103F-16F7-4668-BE54-9A1E7A4F7556}") = "EUniversity.Authorization.Contract", "EUniversity.Authorization.Contract\EUniversity.Authorization.Contract.csproj", "{6305FF8D-EC20-438E-9373-CD9473775475}"
EndProject
Project("{9A19103F-16F7-4668-BE54-9A1E7A4F7556}") = "EUniversity.Authorization.Data", "EUniversity.Authorization.Data\EUniversity.Authorization.Data.csproj", "{12B62A79-BB1E-459D-AF14-89E045E95356}"
EndProject
Project("{9A19103F-16F7-4668-BE54-9A1E7A4F7556}") = "EUniversity.Authorization.Tests", "EUniversity.Authorization.Tests\EUniversity.Authorization.Tests.csproj", "{86F18743-82F0-4B26-A110-CAD1838A786C}"
EndProject
Global
	GlobalSection(SolutionConfigurationPlatforms) = preSolution
		Debug|Any CPU = Debug|Any CPU
		Release|Any CPU = Release|Any CPU
	EndGlobalSection
	GlobalSection(ProjectConfigurationPlatforms) = postSolution
		{2C2F3633-FA43-44D5-9D3C-0BD3E09C95EB}.Debug|Any CPU.ActiveCfg = Debug|Any CPU
		{2C2F3633-FA43-44D5-9D3C-0BD3E09C95EB}.Debug|Any CPU.Build.0 = Debug|Any CPU
		{2C2F3633-FA43-44D5-9D3C-0BD3E09C95EB}.Release|Any CPU.ActiveCfg = Release|Any CPU
		{2C2F3633-FA43-44D5-9D3C-0BD3E09C95EB}.Release|Any CPU.Build.0 = Release|Any CPU
		{764B14D9-70E5-487F-B0EB-88C44A60E1E5}.Debug|Any CPU.ActiveCfg = Debug|Any CPU
		{764B14D9-70E5-487F-B0EB-88C44A60E1E5}.Debug|Any CPU.Build.0 = Debug|Any CPU
		{764B14D9-70E5-487F-B0EB-88C44A60E1E5}.Release|Any CPU.ActiveCfg = Release|Any CPU
		{764B14D9-70E5-487F-B0EB-88C44A60E1E5}.Release|Any CPU.Build.0 = Release|Any CPU
		{8432FA0B-A3D5-471A-BC2D-8CDA555FEB36}.Debug|Any CPU.ActiveCfg = Debug|Any CPU
		{8432FA0B-A3D5-471A-BC2D-8CDA555FEB36}.Debug|Any CPU.Build.0 = Debug|Any CPU
		{8432FA0B-A3D5-471A-BC2D-8CDA555FEB36}.Release|Any CPU.ActiveCfg = Release|Any CPU
		{8432FA0B-A3D5-471A-BC2D-8CDA555FEB36}.Release|Any CPU.Build.0 = Release|Any CPU
		{ED2B82FD-4BD5-4447-9E50-B078A2E1057A}.Debug|Any CPU.ActiveCfg = Debug|Any CPU
		{ED2B82FD-4BD5-4447-9E50-B078A2E1057A}.Debug|Any CPU.Build.0 = Debug|Any CPU
		{ED2B82FD-4BD5-4447-9E50-B078A2E1057A}.Release|Any CPU.ActiveCfg = Release|Any CPU
		{ED2B82FD-4BD5-4447-9E50-B078A2E1057A}.Release|Any CPU.Build.0 = Release|Any CPU
		{4D8CFB9B-A9BE-494C-A0E0-22AD548486CC}.Debug|Any CPU.ActiveCfg = Debug|Any CPU
		{4D8CFB9B-A9BE-494C-A0E0-22AD548486CC}.Debug|Any CPU.Build.0 = Debug|Any CPU
		{4D8CFB9B-A9BE-494C-A0E0-22AD548486CC}.Release|Any CPU.ActiveCfg = Release|Any CPU
		{4D8CFB9B-A9BE-494C-A0E0-22AD548486CC}.Release|Any CPU.Build.0 = Release|Any CPU
		{E8A7FCB9-3132-4F4E-AB2C-BBE66C67F2E4}.Debug|Any CPU.ActiveCfg = Debug|Any CPU
		{E8A7FCB9-3132-4F4E-AB2C-BBE66C67F2E4}.Debug|Any CPU.Build.0 = Debug|Any CPU
		{E8A7FCB9-3132-4F4E-AB2C-BBE66C67F2E4}.Release|Any CPU.ActiveCfg = Release|Any CPU
		{E8A7FCB9-3132-4F4E-AB2C-BBE66C67F2E4}.Release|Any CPU.Build.0 = Release|Any CPU
		{1C2D4251-B20F-4521-8524-B708376B1595}.Debug|Any CPU.ActiveCfg = Debug|Any CPU
		{1C2D4251-B20F-4521-8524-B708376B1595}.Debug|Any CPU.Build.0 = Debug|Any CPU
		{1C2D4251-B20F-4521-8524-B708376B1595}.Release|Any CPU.ActiveCfg = Release|Any CPU
		{1C2D4251-B20F-4521-8524-B708376B1595}.Release|Any CPU.Build.0 = Release|Any CPU
		{31465509-41F5-40CA-B766-D52E24BD5146}.Debug|Any CPU.ActiveCfg = Debug|Any CPU
		{31465509-41F5-40CA-B766-D52E24BD5146}.Debug|Any CPU.Build.0 = Debug|Any CPU
		{31465509-41F5-40CA-B766-D52E24BD5146}.Release|Any CPU.ActiveCfg = Release|Any CPU
		{31465509-41F5-40CA-B766-D52E24BD5146}.Release|Any CPU.Build.0 = Release|Any CPU
		{2740C9F0-9FB9-42A8-AC03-813868B38EBD}.Debug|Any CPU.ActiveCfg = Debug|Any CPU
		{2740C9F0-9FB9-42A8-AC03-813868B38EBD}.Debug|Any CPU.Build.0 = Debug|Any CPU
		{2740C9F0-9FB9-42A8-AC03-813868B38EBD}.Release|Any CPU.ActiveCfg = Release|Any CPU
		{2740C9F0-9FB9-42A8-AC03-813868B38EBD}.Release|Any CPU.Build.0 = Release|Any CPU
		{6305FF8D-EC20-438E-9373-CD9473775475}.Debug|Any CPU.ActiveCfg = Debug|Any CPU
		{6305FF8D-EC20-438E-9373-CD9473775475}.Debug|Any CPU.Build.0 = Debug|Any CPU
		{6305FF8D-EC20-438E-9373-CD9473775475}.Release|Any CPU.ActiveCfg = Release|Any CPU
		{6305FF8D-EC20-438E-9373-CD9473775475}.Release|Any CPU.Build.0 = Release|Any CPU
		{12B62A79-BB1E-459D-AF14-89E045E95356}.Debug|Any CPU.ActiveCfg = Debug|Any CPU
		{12B62A79-BB1E-459D-AF14-89E045E95356}.Debug|Any CPU.Build.0 = Debug|Any CPU
		{12B62A79-BB1E-459D-AF14-89E045E95356}.Release|Any CPU.ActiveCfg = Release|Any CPU
		{12B62A79-BB1E-459D-AF14-89E045E95356}.Release|Any CPU.Build.0 = Release|Any CPU
		{86F18743-82F0-4B26-A110-CAD1838A786C}.Debug|Any CPU.ActiveCfg = Debug|Any CPU
		{86F18743-82F0-4B26-A110-CAD1838A786C}.Debug|Any CPU.Build.0 = Debug|Any CPU
		{86F18743-82F0-4B26-A110-CAD1838A786C}.Release|Any CPU.ActiveCfg = Release|Any CPU
		{86F18743-82F0-4B26-A110-CAD1838A786C}.Release|Any CPU.Build.0 = Release|Any CPU
	EndGlobalSection
	GlobalSection(SolutionProperties) = preSolution
		HideSolutionNode = FALSE
	EndGlobalSection
	GlobalSection(NestedProjects) = preSolution
		{2C2F3633-FA43-44D5-9D3C-0BD3E09C95EB} = {7C60F878-C545-4094-8446-A19206F97575}
		{7C60F878-C545-4094-8446-A19206F97575} = {5587B724-385D-485C-AEFC-C61D65745B36}
		{764B14D9-70E5-487F-B0EB-88C44A60E1E5} = {7C60F878-C545-4094-8446-A19206F97575}
		{8432FA0B-A3D5-471A-BC2D-8CDA555FEB36} = {39177E39-6D88-499D-A926-893E08FB178D}
		{ED2B82FD-4BD5-4447-9E50-B078A2E1057A} = {7C60F878-C545-4094-8446-A19206F97575}
		{B617B9D4-A48A-4966-B0C3-AF1B46FFE4E6} = {5587B724-385D-485C-AEFC-C61D65745B36}
		{4D8CFB9B-A9BE-494C-A0E0-22AD548486CC} = {B617B9D4-A48A-4966-B0C3-AF1B46FFE4E6}
		{E8A7FCB9-3132-4F4E-AB2C-BBE66C67F2E4} = {B617B9D4-A48A-4966-B0C3-AF1B46FFE4E6}
		{1C2D4251-B20F-4521-8524-B708376B1595} = {B617B9D4-A48A-4966-B0C3-AF1B46FFE4E6}
		{31465509-41F5-40CA-B766-D52E24BD5146} = {B617B9D4-A48A-4966-B0C3-AF1B46FFE4E6}
		{70835381-D655-4C40-85DF-E0CA9B1D5509} = {5587B724-385D-485C-AEFC-C61D65745B36}
		{2740C9F0-9FB9-42A8-AC03-813868B38EBD} = {70835381-D655-4C40-85DF-E0CA9B1D5509}
		{6305FF8D-EC20-438E-9373-CD9473775475} = {70835381-D655-4C40-85DF-E0CA9B1D5509}
		{12B62A79-BB1E-459D-AF14-89E045E95356} = {70835381-D655-4C40-85DF-E0CA9B1D5509}
		{86F18743-82F0-4B26-A110-CAD1838A786C} = {70835381-D655-4C40-85DF-E0CA9B1D5509}
	EndGlobalSection
	GlobalSection(ExtensibilityGlobals) = postSolution
		SolutionGuid = {8D99B5A6-2546-404B-94DD-3CA811DE3B54}
	EndGlobalSection
EndGlobal
